// !$*UTF8*$!
{
	archiveVersion = 1;
	classes = {
	};
	objectVersion = 50;
	objects = {

/* Begin PBXBuildFile section */
		4A3CFF902392DCE6008513F4 /* BoldRoundedBackgroundModifier.swift in Sources */ = {isa = PBXBuildFile; fileRef = 4A3CFF8F2392DCE6008513F4 /* BoldRoundedBackgroundModifier.swift */; };
		4A4010C223785CBA00F54650 /* Drawing.swift in Sources */ = {isa = PBXBuildFile; fileRef = 4A4010C123785CBA00F54650 /* Drawing.swift */; };
		4A4D3BF922FE429B00E7DC64 /* AppDelegate.swift in Sources */ = {isa = PBXBuildFile; fileRef = 4A4D3BF822FE429B00E7DC64 /* AppDelegate.swift */; };
		4A4D3BFB22FE429B00E7DC64 /* SceneDelegate.swift in Sources */ = {isa = PBXBuildFile; fileRef = 4A4D3BFA22FE429B00E7DC64 /* SceneDelegate.swift */; };
		4A4D3BFD22FE429B00E7DC64 /* ObservationSessionView.swift in Sources */ = {isa = PBXBuildFile; fileRef = 4A4D3BFC22FE429B00E7DC64 /* ObservationSessionView.swift */; };
		4A4D3BFF22FE429E00E7DC64 /* Assets.xcassets in Resources */ = {isa = PBXBuildFile; fileRef = 4A4D3BFE22FE429E00E7DC64 /* Assets.xcassets */; };
		4A4D3C0222FE429E00E7DC64 /* Preview Assets.xcassets in Resources */ = {isa = PBXBuildFile; fileRef = 4A4D3C0122FE429E00E7DC64 /* Preview Assets.xcassets */; };
		4A4D3C0522FE429E00E7DC64 /* LaunchScreen.storyboard in Resources */ = {isa = PBXBuildFile; fileRef = 4A4D3C0322FE429E00E7DC64 /* LaunchScreen.storyboard */; };
		4A516B3122FE665B00F09F3F /* Sharing.swift in Sources */ = {isa = PBXBuildFile; fileRef = 4A516B3022FE665B00F09F3F /* Sharing.swift */; };
		4A516B3422FF296600F09F3F /* Color.swift in Sources */ = {isa = PBXBuildFile; fileRef = 4A516B3322FF296600F09F3F /* Color.swift */; };
		4A516B3822FF2BD600F09F3F /* ObservationSession.swift in Sources */ = {isa = PBXBuildFile; fileRef = 4A516B3722FF2BD600F09F3F /* ObservationSession.swift */; };
		4A516B3C22FF2C3300F09F3F /* ObservedItem.swift in Sources */ = {isa = PBXBuildFile; fileRef = 4A516B3B22FF2C3300F09F3F /* ObservedItem.swift */; };
		4A516B3E22FF2C7200F09F3F /* ObservedItemCard.swift in Sources */ = {isa = PBXBuildFile; fileRef = 4A516B3D22FF2C7200F09F3F /* ObservedItemCard.swift */; };
		4A755B7E23319CA0002DB6AA /* VideoPlayerView.swift in Sources */ = {isa = PBXBuildFile; fileRef = 4A755B7D23319CA0002DB6AA /* VideoPlayerView.swift */; };
		4A755B8023319CC4002DB6AA /* UIVideoPlayerView.swift in Sources */ = {isa = PBXBuildFile; fileRef = 4A755B7F23319CC4002DB6AA /* UIVideoPlayerView.swift */; };
		4A755B8223319D78002DB6AA /* Float+Extensions.swift in Sources */ = {isa = PBXBuildFile; fileRef = 4A755B8123319D78002DB6AA /* Float+Extensions.swift */; };
		4A755B8423319D90002DB6AA /* Double+Extensions.swift in Sources */ = {isa = PBXBuildFile; fileRef = 4A755B8323319D90002DB6AA /* Double+Extensions.swift */; };
		4A755B8723319DCA002DB6AA /* AVPlayerItem+Extensions.swift in Sources */ = {isa = PBXBuildFile; fileRef = 4A755B8623319DCA002DB6AA /* AVPlayerItem+Extensions.swift */; };
		4A755B8923319DEB002DB6AA /* Int+Extensions.swift in Sources */ = {isa = PBXBuildFile; fileRef = 4A755B8823319DEA002DB6AA /* Int+Extensions.swift */; };
		4A755B8B23319E04002DB6AA /* String+Extensions.swift in Sources */ = {isa = PBXBuildFile; fileRef = 4A755B8A23319E04002DB6AA /* String+Extensions.swift */; };
		4A755B8D23319E33002DB6AA /* AVPlayer+Extensions.swift in Sources */ = {isa = PBXBuildFile; fileRef = 4A755B8C23319E33002DB6AA /* AVPlayer+Extensions.swift */; };
		55BB4A52232C4022008DDDEE /* HomeView.swift in Sources */ = {isa = PBXBuildFile; fileRef = 55BB4A51232C4022008DDDEE /* HomeView.swift */; };
		55BB4A54232C474F008DDDEE /* VideoFramesOverlayGeneratorView.swift in Sources */ = {isa = PBXBuildFile; fileRef = 55BB4A53232C474F008DDDEE /* VideoFramesOverlayGeneratorView.swift */; };
		55BB4A56232C5681008DDDEE /* DocumentPickerButton.swift in Sources */ = {isa = PBXBuildFile; fileRef = 55BB4A55232C5681008DDDEE /* DocumentPickerButton.swift */; };
		55BB4A5A232C74A4008DDDEE /* VideoFrameOverlayProcessor.swift in Sources */ = {isa = PBXBuildFile; fileRef = 55BB4A59232C74A4008DDDEE /* VideoFrameOverlayProcessor.swift */; };
		55BB4A5C232D987E008DDDEE /* DistanceDrawerView.swift in Sources */ = {isa = PBXBuildFile; fileRef = 55BB4A5B232D987E008DDDEE /* DistanceDrawerView.swift */; };
/* End PBXBuildFile section */

/* Begin PBXFileReference section */
		4A3CFF8F2392DCE6008513F4 /* BoldRoundedBackgroundModifier.swift */ = {isa = PBXFileReference; lastKnownFileType = sourcecode.swift; path = BoldRoundedBackgroundModifier.swift; sourceTree = "<group>"; };
		4A4010C123785CBA00F54650 /* Drawing.swift */ = {isa = PBXFileReference; lastKnownFileType = sourcecode.swift; path = Drawing.swift; sourceTree = "<group>"; };
		4A4D3BF522FE429B00E7DC64 /* Research.app */ = {isa = PBXFileReference; explicitFileType = wrapper.application; includeInIndex = 0; path = Research.app; sourceTree = BUILT_PRODUCTS_DIR; };
		4A4D3BF822FE429B00E7DC64 /* AppDelegate.swift */ = {isa = PBXFileReference; lastKnownFileType = sourcecode.swift; path = AppDelegate.swift; sourceTree = "<group>"; };
		4A4D3BFA22FE429B00E7DC64 /* SceneDelegate.swift */ = {isa = PBXFileReference; lastKnownFileType = sourcecode.swift; path = SceneDelegate.swift; sourceTree = "<group>"; };
		4A4D3BFC22FE429B00E7DC64 /* ObservationSessionView.swift */ = {isa = PBXFileReference; lastKnownFileType = sourcecode.swift; path = ObservationSessionView.swift; sourceTree = "<group>"; };
		4A4D3BFE22FE429E00E7DC64 /* Assets.xcassets */ = {isa = PBXFileReference; lastKnownFileType = folder.assetcatalog; path = Assets.xcassets; sourceTree = "<group>"; };
		4A4D3C0122FE429E00E7DC64 /* Preview Assets.xcassets */ = {isa = PBXFileReference; lastKnownFileType = folder.assetcatalog; path = "Preview Assets.xcassets"; sourceTree = "<group>"; };
		4A4D3C0422FE429E00E7DC64 /* Base */ = {isa = PBXFileReference; lastKnownFileType = file.storyboard; name = Base; path = Base.lproj/LaunchScreen.storyboard; sourceTree = "<group>"; };
		4A4D3C0622FE429E00E7DC64 /* Info.plist */ = {isa = PBXFileReference; lastKnownFileType = text.plist.xml; path = Info.plist; sourceTree = "<group>"; };
		4A4D3C0C22FE42BF00E7DC64 /* ResearchAssistant.entitlements */ = {isa = PBXFileReference; lastKnownFileType = text.plist.entitlements; path = ResearchAssistant.entitlements; sourceTree = "<group>"; };
		4A516B3022FE665B00F09F3F /* Sharing.swift */ = {isa = PBXFileReference; lastKnownFileType = sourcecode.swift; path = Sharing.swift; sourceTree = "<group>"; };
		4A516B3322FF296600F09F3F /* Color.swift */ = {isa = PBXFileReference; lastKnownFileType = sourcecode.swift; path = Color.swift; sourceTree = "<group>"; };
		4A516B3722FF2BD600F09F3F /* ObservationSession.swift */ = {isa = PBXFileReference; lastKnownFileType = sourcecode.swift; path = ObservationSession.swift; sourceTree = "<group>"; };
		4A516B3B22FF2C3300F09F3F /* ObservedItem.swift */ = {isa = PBXFileReference; lastKnownFileType = sourcecode.swift; path = ObservedItem.swift; sourceTree = "<group>"; };
		4A516B3D22FF2C7200F09F3F /* ObservedItemCard.swift */ = {isa = PBXFileReference; lastKnownFileType = sourcecode.swift; path = ObservedItemCard.swift; sourceTree = "<group>"; };
		4A755B7D23319CA0002DB6AA /* VideoPlayerView.swift */ = {isa = PBXFileReference; lastKnownFileType = sourcecode.swift; path = VideoPlayerView.swift; sourceTree = "<group>"; };
		4A755B7F23319CC4002DB6AA /* UIVideoPlayerView.swift */ = {isa = PBXFileReference; lastKnownFileType = sourcecode.swift; path = UIVideoPlayerView.swift; sourceTree = "<group>"; };
		4A755B8123319D78002DB6AA /* Float+Extensions.swift */ = {isa = PBXFileReference; lastKnownFileType = sourcecode.swift; path = "Float+Extensions.swift"; sourceTree = "<group>"; };
		4A755B8323319D90002DB6AA /* Double+Extensions.swift */ = {isa = PBXFileReference; lastKnownFileType = sourcecode.swift; path = "Double+Extensions.swift"; sourceTree = "<group>"; };
		4A755B8623319DCA002DB6AA /* AVPlayerItem+Extensions.swift */ = {isa = PBXFileReference; lastKnownFileType = sourcecode.swift; path = "AVPlayerItem+Extensions.swift"; sourceTree = "<group>"; };
		4A755B8823319DEA002DB6AA /* Int+Extensions.swift */ = {isa = PBXFileReference; lastKnownFileType = sourcecode.swift; path = "Int+Extensions.swift"; sourceTree = "<group>"; };
		4A755B8A23319E04002DB6AA /* String+Extensions.swift */ = {isa = PBXFileReference; lastKnownFileType = sourcecode.swift; path = "String+Extensions.swift"; sourceTree = "<group>"; };
		4A755B8C23319E33002DB6AA /* AVPlayer+Extensions.swift */ = {isa = PBXFileReference; lastKnownFileType = sourcecode.swift; path = "AVPlayer+Extensions.swift"; sourceTree = "<group>"; };
		55BB4A51232C4022008DDDEE /* HomeView.swift */ = {isa = PBXFileReference; lastKnownFileType = sourcecode.swift; path = HomeView.swift; sourceTree = "<group>"; };
		55BB4A53232C474F008DDDEE /* VideoFramesOverlayGeneratorView.swift */ = {isa = PBXFileReference; lastKnownFileType = sourcecode.swift; path = VideoFramesOverlayGeneratorView.swift; sourceTree = "<group>"; };
		55BB4A55232C5681008DDDEE /* DocumentPickerButton.swift */ = {isa = PBXFileReference; lastKnownFileType = sourcecode.swift; path = DocumentPickerButton.swift; sourceTree = "<group>"; };
		55BB4A59232C74A4008DDDEE /* VideoFrameOverlayProcessor.swift */ = {isa = PBXFileReference; lastKnownFileType = sourcecode.swift; path = VideoFrameOverlayProcessor.swift; sourceTree = "<group>"; };
		55BB4A5B232D987E008DDDEE /* DistanceDrawerView.swift */ = {isa = PBXFileReference; lastKnownFileType = sourcecode.swift; path = DistanceDrawerView.swift; sourceTree = "<group>"; };
/* End PBXFileReference section */

/* Begin PBXFrameworksBuildPhase section */
		4A4D3BF222FE429B00E7DC64 /* Frameworks */ = {
			isa = PBXFrameworksBuildPhase;
			buildActionMask = 2147483647;
			files = (
			);
			runOnlyForDeploymentPostprocessing = 0;
		};
/* End PBXFrameworksBuildPhase section */

/* Begin PBXGroup section */
		4A3CFF8E2392DCD1008513F4 /* Modifiers */ = {
			isa = PBXGroup;
			children = (
				4A3CFF8F2392DCE6008513F4 /* BoldRoundedBackgroundModifier.swift */,
			);
			path = Modifiers;
			sourceTree = "<group>";
		};
		4A4D3BEC22FE429B00E7DC64 = {
			isa = PBXGroup;
			children = (
				4A4D3BF722FE429B00E7DC64 /* ResearchAssistant */,
				4A4D3BF622FE429B00E7DC64 /* Products */,
			);
			sourceTree = "<group>";
		};
		4A4D3BF622FE429B00E7DC64 /* Products */ = {
			isa = PBXGroup;
			children = (
				4A4D3BF522FE429B00E7DC64 /* Research.app */,
			);
			name = Products;
			sourceTree = "<group>";
		};
		4A4D3BF722FE429B00E7DC64 /* ResearchAssistant */ = {
			isa = PBXGroup;
			children = (
				4A516B3622FF2BC700F09F3F /* Models */,
				4A516B3522FF2BBC00F09F3F /* Views */,
				4A516B3222FF295800F09F3F /* Extensions */,
				4A4D3C0C22FE42BF00E7DC64 /* ResearchAssistant.entitlements */,
				4A4D3BF822FE429B00E7DC64 /* AppDelegate.swift */,
				4A4D3BFA22FE429B00E7DC64 /* SceneDelegate.swift */,
				4A4D3BFE22FE429E00E7DC64 /* Assets.xcassets */,
				4A4D3C0322FE429E00E7DC64 /* LaunchScreen.storyboard */,
				4A4D3C0622FE429E00E7DC64 /* Info.plist */,
				4A4D3C0022FE429E00E7DC64 /* Preview Content */,
			);
			path = ResearchAssistant;
			sourceTree = "<group>";
		};
		4A4D3C0022FE429E00E7DC64 /* Preview Content */ = {
			isa = PBXGroup;
			children = (
				4A4D3C0122FE429E00E7DC64 /* Preview Assets.xcassets */,
			);
			path = "Preview Content";
			sourceTree = "<group>";
		};
		4A516B3222FF295800F09F3F /* Extensions */ = {
			isa = PBXGroup;
			children = (
				4A755B8623319DCA002DB6AA /* AVPlayerItem+Extensions.swift */,
				4A755B8C23319E33002DB6AA /* AVPlayer+Extensions.swift */,
				4A516B3322FF296600F09F3F /* Color.swift */,
				4A755B8123319D78002DB6AA /* Float+Extensions.swift */,
				4A755B8323319D90002DB6AA /* Double+Extensions.swift */,
				4A755B8823319DEA002DB6AA /* Int+Extensions.swift */,
				4A755B8A23319E04002DB6AA /* String+Extensions.swift */,
			);
			path = Extensions;
			sourceTree = "<group>";
		};
		4A516B3522FF2BBC00F09F3F /* Views */ = {
			isa = PBXGroup;
			children = (
				4A3CFF8E2392DCD1008513F4 /* Modifiers */,
				4A4D3BFC22FE429B00E7DC64 /* ObservationSessionView.swift */,
				4A516B3D22FF2C7200F09F3F /* ObservedItemCard.swift */,
				4A516B3022FE665B00F09F3F /* Sharing.swift */,
				55BB4A51232C4022008DDDEE /* HomeView.swift */,
				55BB4A53232C474F008DDDEE /* VideoFramesOverlayGeneratorView.swift */,
				55BB4A55232C5681008DDDEE /* DocumentPickerButton.swift */,
				55BB4A5B232D987E008DDDEE /* DistanceDrawerView.swift */,
				4A755B7D23319CA0002DB6AA /* VideoPlayerView.swift */,
				4A755B7F23319CC4002DB6AA /* UIVideoPlayerView.swift */,
			);
			path = Views;
			sourceTree = "<group>";
		};
		4A516B3622FF2BC700F09F3F /* Models */ = {
			isa = PBXGroup;
			children = (
				4A516B3722FF2BD600F09F3F /* ObservationSession.swift */,
				4A516B3B22FF2C3300F09F3F /* ObservedItem.swift */,
				55BB4A59232C74A4008DDDEE /* VideoFrameOverlayProcessor.swift */,
				4A4010C123785CBA00F54650 /* Drawing.swift */,
			);
			path = Models;
			sourceTree = "<group>";
		};
/* End PBXGroup section */

/* Begin PBXNativeTarget section */
		4A4D3BF422FE429B00E7DC64 /* ResearchAssistant */ = {
			isa = PBXNativeTarget;
			buildConfigurationList = 4A4D3C0922FE429E00E7DC64 /* Build configuration list for PBXNativeTarget "ResearchAssistant" */;
			buildPhases = (
				4A4D3BF122FE429B00E7DC64 /* Sources */,
				4A4D3BF222FE429B00E7DC64 /* Frameworks */,
				4A4D3BF322FE429B00E7DC64 /* Resources */,
			);
			buildRules = (
			);
			dependencies = (
			);
			name = ResearchAssistant;
			productName = SwitchWatch;
			productReference = 4A4D3BF522FE429B00E7DC64 /* Research.app */;
			productType = "com.apple.product-type.application";
		};
/* End PBXNativeTarget section */

/* Begin PBXProject section */
		4A4D3BED22FE429B00E7DC64 /* Project object */ = {
			isa = PBXProject;
			attributes = {
				LastSwiftUpdateCheck = 1100;
				LastUpgradeCheck = 1100;
				ORGANIZATIONNAME = "Andrew Moore";
				TargetAttributes = {
					4A4D3BF422FE429B00E7DC64 = {
						CreatedOnToolsVersion = 11.0;
					};
				};
			};
			buildConfigurationList = 4A4D3BF022FE429B00E7DC64 /* Build configuration list for PBXProject "ResearchAssistant" */;
			compatibilityVersion = "Xcode 9.3";
			developmentRegion = en;
			hasScannedForEncodings = 0;
			knownRegions = (
				en,
				Base,
			);
			mainGroup = 4A4D3BEC22FE429B00E7DC64;
			productRefGroup = 4A4D3BF622FE429B00E7DC64 /* Products */;
			projectDirPath = "";
			projectRoot = "";
			targets = (
				4A4D3BF422FE429B00E7DC64 /* ResearchAssistant */,
			);
		};
/* End PBXProject section */

/* Begin PBXResourcesBuildPhase section */
		4A4D3BF322FE429B00E7DC64 /* Resources */ = {
			isa = PBXResourcesBuildPhase;
			buildActionMask = 2147483647;
			files = (
				4A4D3C0522FE429E00E7DC64 /* LaunchScreen.storyboard in Resources */,
				4A4D3C0222FE429E00E7DC64 /* Preview Assets.xcassets in Resources */,
				4A4D3BFF22FE429E00E7DC64 /* Assets.xcassets in Resources */,
			);
			runOnlyForDeploymentPostprocessing = 0;
		};
/* End PBXResourcesBuildPhase section */

/* Begin PBXSourcesBuildPhase section */
		4A4D3BF122FE429B00E7DC64 /* Sources */ = {
			isa = PBXSourcesBuildPhase;
			buildActionMask = 2147483647;
			files = (
				4A755B8B23319E04002DB6AA /* String+Extensions.swift in Sources */,
				4A755B8723319DCA002DB6AA /* AVPlayerItem+Extensions.swift in Sources */,
				4A755B8923319DEB002DB6AA /* Int+Extensions.swift in Sources */,
				55BB4A52232C4022008DDDEE /* HomeView.swift in Sources */,
				4A516B3122FE665B00F09F3F /* Sharing.swift in Sources */,
				4A3CFF902392DCE6008513F4 /* BoldRoundedBackgroundModifier.swift in Sources */,
				4A755B8223319D78002DB6AA /* Float+Extensions.swift in Sources */,
				4A755B8D23319E33002DB6AA /* AVPlayer+Extensions.swift in Sources */,
				4A4D3BF922FE429B00E7DC64 /* AppDelegate.swift in Sources */,
				55BB4A54232C474F008DDDEE /* VideoFramesOverlayGeneratorView.swift in Sources */,
				4A755B8423319D90002DB6AA /* Double+Extensions.swift in Sources */,
				4A516B3C22FF2C3300F09F3F /* ObservedItem.swift in Sources */,
				55BB4A56232C5681008DDDEE /* DocumentPickerButton.swift in Sources */,
				55BB4A5A232C74A4008DDDEE /* VideoFrameOverlayProcessor.swift in Sources */,
				4A755B8023319CC4002DB6AA /* UIVideoPlayerView.swift in Sources */,
				4A516B3822FF2BD600F09F3F /* ObservationSession.swift in Sources */,
				4A4D3BFB22FE429B00E7DC64 /* SceneDelegate.swift in Sources */,
				55BB4A5C232D987E008DDDEE /* DistanceDrawerView.swift in Sources */,
				4A516B3422FF296600F09F3F /* Color.swift in Sources */,
				4A4010C223785CBA00F54650 /* Drawing.swift in Sources */,
				4A516B3E22FF2C7200F09F3F /* ObservedItemCard.swift in Sources */,
				4A4D3BFD22FE429B00E7DC64 /* ObservationSessionView.swift in Sources */,
				4A755B7E23319CA0002DB6AA /* VideoPlayerView.swift in Sources */,
			);
			runOnlyForDeploymentPostprocessing = 0;
		};
/* End PBXSourcesBuildPhase section */

/* Begin PBXVariantGroup section */
		4A4D3C0322FE429E00E7DC64 /* LaunchScreen.storyboard */ = {
			isa = PBXVariantGroup;
			children = (
				4A4D3C0422FE429E00E7DC64 /* Base */,
			);
			name = LaunchScreen.storyboard;
			sourceTree = "<group>";
		};
/* End PBXVariantGroup section */

/* Begin XCBuildConfiguration section */
		4A4D3C0722FE429E00E7DC64 /* Debug */ = {
			isa = XCBuildConfiguration;
			buildSettings = {
				ALWAYS_SEARCH_USER_PATHS = NO;
				CLANG_ANALYZER_NONNULL = YES;
				CLANG_ANALYZER_NUMBER_OBJECT_CONVERSION = YES_AGGRESSIVE;
				CLANG_CXX_LANGUAGE_STANDARD = "gnu++14";
				CLANG_CXX_LIBRARY = "libc++";
				CLANG_ENABLE_MODULES = YES;
				CLANG_ENABLE_OBJC_ARC = YES;
				CLANG_ENABLE_OBJC_WEAK = YES;
				CLANG_WARN_BLOCK_CAPTURE_AUTORELEASING = YES;
				CLANG_WARN_BOOL_CONVERSION = YES;
				CLANG_WARN_COMMA = YES;
				CLANG_WARN_CONSTANT_CONVERSION = YES;
				CLANG_WARN_DEPRECATED_OBJC_IMPLEMENTATIONS = YES;
				CLANG_WARN_DIRECT_OBJC_ISA_USAGE = YES_ERROR;
				CLANG_WARN_DOCUMENTATION_COMMENTS = YES;
				CLANG_WARN_EMPTY_BODY = YES;
				CLANG_WARN_ENUM_CONVERSION = YES;
				CLANG_WARN_INFINITE_RECURSION = YES;
				CLANG_WARN_INT_CONVERSION = YES;
				CLANG_WARN_NON_LITERAL_NULL_CONVERSION = YES;
				CLANG_WARN_OBJC_IMPLICIT_RETAIN_SELF = YES;
				CLANG_WARN_OBJC_LITERAL_CONVERSION = YES;
				CLANG_WARN_OBJC_ROOT_CLASS = YES_ERROR;
				CLANG_WARN_RANGE_LOOP_ANALYSIS = YES;
				CLANG_WARN_STRICT_PROTOTYPES = YES;
				CLANG_WARN_SUSPICIOUS_MOVE = YES;
				CLANG_WARN_UNGUARDED_AVAILABILITY = YES_AGGRESSIVE;
				CLANG_WARN_UNREACHABLE_CODE = YES;
				CLANG_WARN__DUPLICATE_METHOD_MATCH = YES;
				COPY_PHASE_STRIP = NO;
				DEBUG_INFORMATION_FORMAT = dwarf;
				ENABLE_STRICT_OBJC_MSGSEND = YES;
				ENABLE_TESTABILITY = YES;
				GCC_C_LANGUAGE_STANDARD = gnu11;
				GCC_DYNAMIC_NO_PIC = NO;
				GCC_NO_COMMON_BLOCKS = YES;
				GCC_OPTIMIZATION_LEVEL = 0;
				GCC_PREPROCESSOR_DEFINITIONS = (
					"DEBUG=1",
					"$(inherited)",
				);
				GCC_WARN_64_TO_32_BIT_CONVERSION = YES;
				GCC_WARN_ABOUT_RETURN_TYPE = YES_ERROR;
				GCC_WARN_UNDECLARED_SELECTOR = YES;
				GCC_WARN_UNINITIALIZED_AUTOS = YES_AGGRESSIVE;
				GCC_WARN_UNUSED_FUNCTION = YES;
				GCC_WARN_UNUSED_VARIABLE = YES;
				IPHONEOS_DEPLOYMENT_TARGET = 13.0;
				MTL_ENABLE_DEBUG_INFO = INCLUDE_SOURCE;
				MTL_FAST_MATH = YES;
				ONLY_ACTIVE_ARCH = YES;
				SDKROOT = iphoneos;
				SWIFT_ACTIVE_COMPILATION_CONDITIONS = DEBUG;
				SWIFT_OPTIMIZATION_LEVEL = "-Onone";
			};
			name = Debug;
		};
		4A4D3C0822FE429E00E7DC64 /* Release */ = {
			isa = XCBuildConfiguration;
			buildSettings = {
				ALWAYS_SEARCH_USER_PATHS = NO;
				CLANG_ANALYZER_NONNULL = YES;
				CLANG_ANALYZER_NUMBER_OBJECT_CONVERSION = YES_AGGRESSIVE;
				CLANG_CXX_LANGUAGE_STANDARD = "gnu++14";
				CLANG_CXX_LIBRARY = "libc++";
				CLANG_ENABLE_MODULES = YES;
				CLANG_ENABLE_OBJC_ARC = YES;
				CLANG_ENABLE_OBJC_WEAK = YES;
				CLANG_WARN_BLOCK_CAPTURE_AUTORELEASING = YES;
				CLANG_WARN_BOOL_CONVERSION = YES;
				CLANG_WARN_COMMA = YES;
				CLANG_WARN_CONSTANT_CONVERSION = YES;
				CLANG_WARN_DEPRECATED_OBJC_IMPLEMENTATIONS = YES;
				CLANG_WARN_DIRECT_OBJC_ISA_USAGE = YES_ERROR;
				CLANG_WARN_DOCUMENTATION_COMMENTS = YES;
				CLANG_WARN_EMPTY_BODY = YES;
				CLANG_WARN_ENUM_CONVERSION = YES;
				CLANG_WARN_INFINITE_RECURSION = YES;
				CLANG_WARN_INT_CONVERSION = YES;
				CLANG_WARN_NON_LITERAL_NULL_CONVERSION = YES;
				CLANG_WARN_OBJC_IMPLICIT_RETAIN_SELF = YES;
				CLANG_WARN_OBJC_LITERAL_CONVERSION = YES;
				CLANG_WARN_OBJC_ROOT_CLASS = YES_ERROR;
				CLANG_WARN_RANGE_LOOP_ANALYSIS = YES;
				CLANG_WARN_STRICT_PROTOTYPES = YES;
				CLANG_WARN_SUSPICIOUS_MOVE = YES;
				CLANG_WARN_UNGUARDED_AVAILABILITY = YES_AGGRESSIVE;
				CLANG_WARN_UNREACHABLE_CODE = YES;
				CLANG_WARN__DUPLICATE_METHOD_MATCH = YES;
				COPY_PHASE_STRIP = NO;
				DEBUG_INFORMATION_FORMAT = "dwarf-with-dsym";
				ENABLE_NS_ASSERTIONS = NO;
				ENABLE_STRICT_OBJC_MSGSEND = YES;
				GCC_C_LANGUAGE_STANDARD = gnu11;
				GCC_NO_COMMON_BLOCKS = YES;
				GCC_WARN_64_TO_32_BIT_CONVERSION = YES;
				GCC_WARN_ABOUT_RETURN_TYPE = YES_ERROR;
				GCC_WARN_UNDECLARED_SELECTOR = YES;
				GCC_WARN_UNINITIALIZED_AUTOS = YES_AGGRESSIVE;
				GCC_WARN_UNUSED_FUNCTION = YES;
				GCC_WARN_UNUSED_VARIABLE = YES;
				IPHONEOS_DEPLOYMENT_TARGET = 13.0;
				MTL_ENABLE_DEBUG_INFO = NO;
				MTL_FAST_MATH = YES;
				SDKROOT = iphoneos;
				SWIFT_COMPILATION_MODE = wholemodule;
				SWIFT_OPTIMIZATION_LEVEL = "-O";
				VALIDATE_PRODUCT = YES;
			};
			name = Release;
		};
		4A4D3C0A22FE429E00E7DC64 /* Debug */ = {
			isa = XCBuildConfiguration;
			buildSettings = {
				ASSETCATALOG_COMPILER_APPICON_NAME = AppIcon;
				CODE_SIGN_ENTITLEMENTS = ResearchAssistant/ResearchAssistant.entitlements;
				CODE_SIGN_STYLE = Automatic;
				CURRENT_PROJECT_VERSION = 4;
				DEVELOPMENT_ASSET_PATHS = "ResearchAssistant/Preview\\ Content";
				DEVELOPMENT_TEAM = NHVSQN8Z3B;
				ENABLE_PREVIEWS = YES;
				INFOPLIST_FILE = ResearchAssistant/Info.plist;
				LD_RUNPATH_SEARCH_PATHS = (
					"$(inherited)",
					"@executable_path/Frameworks",
				);
				PRODUCT_BUNDLE_IDENTIFIER = com.moore.ResearchAssistant;
				PRODUCT_NAME = Research;
				SUPPORTS_MACCATALYST = NO;
				SWIFT_VERSION = 5.0;
				TARGETED_DEVICE_FAMILY = "1,2";
				VERSIONING_SYSTEM = "apple-generic";
			};
			name = Debug;
		};
		4A4D3C0B22FE429E00E7DC64 /* Release */ = {
			isa = XCBuildConfiguration;
			buildSettings = {
				ASSETCATALOG_COMPILER_APPICON_NAME = AppIcon;
				CODE_SIGN_ENTITLEMENTS = ResearchAssistant/ResearchAssistant.entitlements;
				CODE_SIGN_IDENTITY = "iPhone Distribution";
				CODE_SIGN_STYLE = Manual;
				CURRENT_PROJECT_VERSION = 4;
				DEVELOPMENT_ASSET_PATHS = "ResearchAssistant/Preview\\ Content";
				DEVELOPMENT_TEAM = NHVSQN8Z3B;
				ENABLE_PREVIEWS = YES;
				INFOPLIST_FILE = ResearchAssistant/Info.plist;
				LD_RUNPATH_SEARCH_PATHS = (
					"$(inherited)",
					"@executable_path/Frameworks",
				);
				PRODUCT_BUNDLE_IDENTIFIER = com.moore.ResearchAssistant;
				PRODUCT_NAME = Research;
				PROVISIONING_PROFILE_SPECIFIER = "Research Assistant AppStore Profile";
				"PROVISIONING_PROFILE_SPECIFIER[sdk=macosx*]" = "";
				SUPPORTS_MACCATALYST = NO;
				SWIFT_VERSION = 5.0;
				TARGETED_DEVICE_FAMILY = "1,2";
				VERSIONING_SYSTEM = "apple-generic";
			};
			name = Release;
		};
/* End XCBuildConfiguration section */

/* Begin XCConfigurationList section */
		4A4D3BF022FE429B00E7DC64 /* Build configuration list for PBXProject "ResearchAssistant" */ = {
			isa = XCConfigurationList;
			buildConfigurations = (
				4A4D3C0722FE429E00E7DC64 /* Debug */,
				4A4D3C0822FE429E00E7DC64 /* Release */,
			);
			defaultConfigurationIsVisible = 0;
			defaultConfigurationName = Release;
		};
		4A4D3C0922FE429E00E7DC64 /* Build configuration list for PBXNativeTarget "ResearchAssistant" */ = {
			isa = XCConfigurationList;
			buildConfigurations = (
				4A4D3C0A22FE429E00E7DC64 /* Debug */,
				4A4D3C0B22FE429E00E7DC64 /* Release */,
			);
			defaultConfigurationIsVisible = 0;
			defaultConfigurationName = Release;
		};
/* End XCConfigurationList section */
	};
	rootObject = 4A4D3BED22FE429B00E7DC64 /* Project object */;
}
